# THIS IS AN AUTOGENERATED FILE. DO NOT EDIT THIS FILE DIRECTLY.
# yarn lockfile v1


"@turf/bbox@6.x", "@turf/bbox@^6.0.1":
  version "6.0.1"
  resolved "https://registry.yarnpkg.com/@turf/bbox/-/bbox-6.0.1.tgz#b966075771475940ee1c16be2a12cf389e6e923a"
  integrity sha512-EGgaRLettBG25Iyx7VyUINsPpVj1x3nFQFiGS3ER8KCI1MximzNLsam3eXRabqQDjyAKyAE1bJ4EZEpGvspQxw==
  dependencies:
    "@turf/helpers" "6.x"
    "@turf/meta" "6.x"

"@turf/boolean-contains@^6.0.1":
  version "6.0.1"
  resolved "https://registry.yarnpkg.com/@turf/boolean-contains/-/boolean-contains-6.0.1.tgz#c3c583215fc5bda47ede51cf52d735ffdc1006a5"
  integrity sha512-usAexEdWu7dV43paowGSFEM0PljexnlOuj09HF/VDZwO3FKelwUovF2ymetYatuG7KcIYcexeNEkQ5qQnGExlw==
  dependencies:
    "@turf/bbox" "6.x"
    "@turf/boolean-point-in-polygon" "6.x"
    "@turf/boolean-point-on-line" "6.x"
    "@turf/helpers" "6.x"
    "@turf/invariant" "6.x"

"@turf/boolean-point-in-polygon@6.x":
  version "6.0.1"
  resolved "https://registry.yarnpkg.com/@turf/boolean-point-in-polygon/-/boolean-point-in-polygon-6.0.1.tgz#5836677afd77d2ee391af0056a0c29b660edfa32"
  integrity sha512-FKLOZ124vkJhjzNSDcqpwp2NvfnsbYoUOt5iAE7uskt4svix5hcjIEgX9sELFTJpbLGsD1mUbKdfns8tZxcMNg==
  dependencies:
    "@turf/helpers" "6.x"
    "@turf/invariant" "6.x"

"@turf/boolean-point-on-line@6.x":
  version "6.0.1"
  resolved "https://registry.yarnpkg.com/@turf/boolean-point-on-line/-/boolean-point-on-line-6.0.1.tgz#d943c242a5fdcde03f8ad0221750fd1aacf06223"
  integrity sha512-Vl724Tzh4CF/13kgblOAQnMcHagromCP1EfyJ9G/8SxpSoTYeY2G6FmmcpbW51GqKxC7xgM9+Pck50dun7oYkg==
  dependencies:
    "@turf/helpers" "6.x"
    "@turf/invariant" "6.x"

"@turf/helpers@6.x":
  version "6.1.4"
  resolved "https://registry.yarnpkg.com/@turf/helpers/-/helpers-6.1.4.tgz#d6fd7ebe6782dd9c87dca5559bda5c48ae4c3836"
  integrity sha512-vJvrdOZy1ngC7r3MDA7zIGSoIgyrkWcGnNIEaqn/APmw+bVLF2gAW7HIsdTxd12s5wQMqEpqIQrmrbRRZ0xC7g==

"@turf/invariant@6.x":
  version "6.1.2"
  resolved "https://registry.yarnpkg.com/@turf/invariant/-/invariant-6.1.2.tgz#6013ed6219f9ac2edada9b31e1dfa5918eb0a2f7"
  integrity sha512-WU08Ph8j0J2jVGlQCKChXoCtI50BB3yEH21V++V0T4cR1T27HKCxkehV2sYMwTierfMBgjwSwDIsxnR4/2mWXg==
  dependencies:
    "@turf/helpers" "6.x"

"@turf/meta@6.x":
  version "6.0.2"
  resolved "https://registry.yarnpkg.com/@turf/meta/-/meta-6.0.2.tgz#eb92951126d24a613ac1b7b99d733fcc20fd30cf"
  integrity sha512-VA7HJkx7qF1l3+GNGkDVn2oXy4+QoLP6LktXAaZKjuT1JI0YESat7quUkbCMy4zP9lAUuvS4YMslLyTtr919FA==
  dependencies:
    "@turf/helpers" "6.x"

"@types/gremlin@^3.4.3":
  version "3.4.3"
  resolved "https://registry.yarnpkg.com/@types/gremlin/-/gremlin-3.4.3.tgz#989c0af4b1353bb190ae60485de768b2f6e57336"
  integrity sha512-Q6iqAEcbUvISEZ0jhVtJdXBoLADyvR43bW7WTK+8N6uxWISGCeaX4ezyRMQwtvMnqnFJRMg6dwZ1cs4GaUcdbw==

"@types/node@10.x":
  version "10.17.13"
  resolved "https://registry.yarnpkg.com/@types/node/-/node-10.17.13.tgz#ccebcdb990bd6139cd16e84c39dc2fb1023ca90c"
  integrity sha512-pMCcqU2zT4TjqYFrWtYHKal7Sl30Ims6ulZ4UFXxI4xbtQqK/qqKwkDoBFCfooRqqmRu9vY3xaJRwxSh673aYg==

async-limiter@~1.0.0:
  version "1.0.1"
  resolved "https://registry.yarnpkg.com/async-limiter/-/async-limiter-1.0.1.tgz#dd379e94f0db8310b08291f9d64c3209766617fd"
  integrity sha512-csOlWGAcRFJaI6m+F2WKdnMKr4HhdhFVBk0H/QbJFMCr+uO2kwohwXQPxw/9OCxp05r5ghVBFSyioixx3gfkNQ==

buffer-from@^1.0.0:
  version "1.1.1"
  resolved "https://registry.yarnpkg.com/buffer-from/-/buffer-from-1.1.1.tgz#32713bc028f75c02fdb710d7c7bcec1f2c6070ef"
  integrity sha512-MQcXEUbCKtEo7bhqEs6560Hyd4XaovZlO/k9V3hjVUF/zwW7KBVdSK4gIt/bzwS9MbR5qob+F5jusZsb0YQK2A==

dms2dec@^1.1.0:
  version "1.1.0"
  resolved "https://registry.yarnpkg.com/dms2dec/-/dms2dec-1.1.0.tgz#a60b43731194927886b74ba8dbca762efbfe847c"
  integrity sha1-pgtDcxGUkniGt0uo28p2Lvv+hHw=

exif-reader@^1.0.3:
  version "1.0.3"
  resolved "https://registry.yarnpkg.com/exif-reader/-/exif-reader-1.0.3.tgz#8eb63f878aeb49ec89bd5b7be10e393db78c3c2e"
  integrity sha512-tWMBj1+9jUSibgR/kv/GQ/fkR0biaN9GEZ5iPdf7jFeH//d2bSzgPoaWf1OfMv4MXFD4upwvpCCyeMvSyLWSfA==

geojson-geometries-lookup@^0.3.1:
  version "0.3.1"
  resolved "https://registry.yarnpkg.com/geojson-geometries-lookup/-/geojson-geometries-lookup-0.3.1.tgz#44488a0e7f1a05c972f68c6651111b99109718b9"
  integrity sha512-w7q4lHYhegl7YtAJ6xGFsNvO1koQjMjNOGv3xLjJOWlmHnsJN1ezrT5TlV7DXuRASKN56MsVHQUtb9D0oHJiUw==
  dependencies:
    "@turf/bbox" "^6.0.1"
    "@turf/boolean-contains" "^6.0.1"
    geojson-geometries "^1.1.1"
    rbush "^2.0.1"

geojson-geometries@^1.1.1:
  version "1.1.2"
  resolved "https://registry.yarnpkg.com/geojson-geometries/-/geojson-geometries-1.1.2.tgz#b67ebf4d13733bcfe981380d4b7220b750bb2c91"
  integrity sha512-RnjK+lEo7zKlJaCmkzbD+i69jSBXMKKcS4gDq5ql0QPBLwcgnDarVLx6d9zwJ4IKJVPNaKIvNLk2D9l14lVzEA==

gremlin@^3.4.4:
  version "3.4.4"
  resolved "https://registry.yarnpkg.com/gremlin/-/gremlin-3.4.4.tgz#aba2e337118423db07d9a421511c0fac09bbc00a"
  integrity sha512-HC6wyMs5RjLgZk/+2Z+MKuFChsKJLdt0Szb8InJQI114SpC64/ChMYKcYYTZ9Note30sc3SZtbCBbEUasjWAbA==
  dependencies:
    ws "^3.0.0"

quickselect@^1.0.1:
  version "1.1.1"
  resolved "https://registry.yarnpkg.com/quickselect/-/quickselect-1.1.1.tgz#852e412ce418f237ad5b660d70cffac647ae94c2"
  integrity sha512-qN0Gqdw4c4KGPsBOQafj6yj/PA6c/L63f6CaZ/DCF/xF4Esu3jVmKLUDYxghFx8Kb/O7y9tI7x2RjTSXwdK1iQ==

rbush@^2.0.1:
  version "2.0.2"
  resolved "https://registry.yarnpkg.com/rbush/-/rbush-2.0.2.tgz#bb6005c2731b7ba1d5a9a035772927d16a614605"
  integrity sha512-XBOuALcTm+O/H8G90b6pzu6nX6v2zCKiFG4BJho8a+bY6AER6t8uQUZdi5bomQc0AprCWhEGa7ncAbbRap0bRA==
  dependencies:
    quickselect "^1.0.1"

safe-buffer@~5.1.0:
  version "5.1.2"
  resolved "https://registry.yarnpkg.com/safe-buffer/-/safe-buffer-5.1.2.tgz#991ec69d296e0313747d59bdfd2b745c35f8828d"
  integrity sha512-Gd2UZBJDkXlY7GbJxfsE8/nvKkUEU1G38c1siN6QP6a9PT9MmHB8GnpscSmMJSoF8LOIrt8ud/wPtojys4G6+g==

source-map-support@^0.5.16:
  version "0.5.16"
  resolved "https://registry.yarnpkg.com/source-map-support/-/source-map-support-0.5.16.tgz#0ae069e7fe3ba7538c64c98515e35339eac5a042"
  integrity sha512-efyLRJDr68D9hBBNIPWFjhpFzURh+KJykQwvMyW5UiZzYwoF6l4YMMDIJJEyFWxWCqfyxLzz6tSfUFR+kXXsVQ==
  dependencies:
    buffer-from "^1.0.0"
    source-map "^0.6.0"

source-map@^0.6.0:
  version "0.6.1"
  resolved "https://registry.yarnpkg.com/source-map/-/source-map-0.6.1.tgz#74722af32e9614e9c287a8d0bbde48b5e2f1a263"
  integrity sha512-UjgapumWlbMhkBgzT7Ykc5YXUT46F0iKu8SGXq0bcwP5dz/h0Plj6enJqjz1Zbq2l5WaqYnrVbwWOWMyF3F47g==

time-series-clustering@^0.1.0:
  version "0.1.0"
  resolved "https://registry.yarnpkg.com/time-series-clustering/-/time-series-clustering-0.1.0.tgz#05953f3a0af105c44455fe520d4f8bd028fb0e96"
  integrity sha1-BZU/OgrxBcREVf5SDU+L0Cj7DpY=

typescript@^3.7.5:
  version "3.7.5"
  resolved "https://registry.yarnpkg.com/typescript/-/typescript-3.7.5.tgz#0692e21f65fd4108b9330238aac11dd2e177a1ae"
  integrity sha512-/P5lkRXkWHNAbcJIiHPfRoKqyd7bsyCma1hZNUGfn20qm64T6ZBlrzprymeu918H+mB/0rIg2gGK/BXkhhYgBw==

ultron@~1.1.0:
  version "1.1.1"
  resolved "https://registry.yarnpkg.com/ultron/-/ultron-1.1.1.tgz#9fe1536a10a664a65266a1e3ccf85fd36302bc9c"
  integrity sha512-UIEXBNeYmKptWH6z8ZnqTeS8fV74zG0/eRU9VGkpzz+LIJNs8W/zM/L+7ctCkRrgbNnnR0xxw4bKOr0cW0N0Og==

ws@^3.0.0:
  version "3.3.3"
  resolved "https://registry.yarnpkg.com/ws/-/ws-3.3.3.tgz#f1cf84fe2d5e901ebce94efaece785f187a228f2"
  integrity sha512-nnWLa/NwZSt4KQJu51MYlCcSQ5g7INpOrOMt4XV8j4dqTXdmlUmSHQ8/oLC069ckre0fRsgfvsKwbTdtKLCDkA==
  dependencies:
    async-limiter "~1.0.0"
    safe-buffer "~5.1.0"
    ultron "~1.1.0"
